<?xml version="1.0" encoding="utf-8"?>
<Project ToolsVersion="4.0" xmlns="http://schemas.microsoft.com/developer/msbuild/2003">
  <ItemGroup>
    <Filter Include="Source Files">
      <UniqueIdentifier>{4FC737F1-C7A5-4376-A066-2A32D752A2FF}</UniqueIdentifier>
      <Extensions>cpp;c;cc;cxx;def;odl;idl;hpj;bat;asm;asmx</Extensions>
    </Filter>
    <Filter Include="Header Files">
      <UniqueIdentifier>{93995380-89BD-4b04-88EB-625FBE52EBFB}</UniqueIdentifier>
      <Extensions>h;hh;hpp;hxx;hm;inl;inc;ipp;xsd</Extensions>
    </Filter>
    <Filter Include="Resource Files">
      <UniqueIdentifier>{67DA6AB6-F800-4c08-8B7A-83BB121AAD01}</UniqueIdentifier>
      <Extensions>rc;ico;cur;bmp;dlg;rc2;rct;bin;rgs;gif;jpg;jpeg;jpe;resx;tiff;tif;png;wav;mfcribbon-ms</Extensions>
    </Filter>
  </ItemGroup>
  <ItemGroup>
    <ClInclude Include="Game.hpp">
      <Filter>Header Files</Filter>
    </ClInclude>
    <ClInclude Include="Space.hpp">
      <Filter>Header Files</Filter>
    </ClInclude>
    <ClInclude Include="InputValidation2.hpp">
      <Filter>Header Files</Filter>
    </ClInclude>
    <ClInclude Include="Menu.hpp">
      <Filter>Header Files</Filter>
    </ClInclude>
    <ClInclude Include="MainCharacter.hpp">
      <Filter>Header Files</Filter>
    </ClInclude>
    <ClInclude Include="DoublyLinkedList.hpp">
      <Filter>Header Files</Filter>
    </ClInclude>
    <ClInclude Include="Node.hpp">
      <Filter>Header Files</Filter>
    </ClInclude>
    <ClInclude Include="Restroom.hpp">
      <Filter>Header Files</Filter>
    </ClInclude>
    <ClInclude Include="SiteMap.hpp">
      <Filter>Header Files</Filter>
    </ClInclude>
    <ClInclude Include="JewelryStore.hpp">
      <Filter>Header Files</Filter>
    </ClInclude>
    <ClInclude Include="Casino.hpp">
      <Filter>Header Files</Filter>
    </ClInclude>
    <ClInclude Include="ToyStore.hpp">
      <Filter>Header Files</Filter>
    </ClInclude>
    <ClInclude Include="AppleStore.hpp">
      <Filter>Header Files</Filter>
    </ClInclude>
    <ClInclude Include="FoodCourt.hpp">
      <Filter>Header Files</Filter>
    </ClInclude>
    <ClInclude Include="DepartmentStore.hpp">
      <Filter>Header Files</Filter>
    </ClInclude>
    <ClInclude Include="ClothesStore.hpp">
      <Filter>Header Files</Filter>
    </ClInclude>
    <ClInclude Include="FlowerStore.hpp">
      <Filter>Header Files</Filter>
    </ClInclude>
  </ItemGroup>
  <ItemGroup>
    <ClCompile Include="InputValidation2.cpp">
      <Filter>Source Files</Filter>
    </ClCompile>
    <ClCompile Include="Menu.cpp">
      <Filter>Source Files</Filter>
    </ClCompile>
    <ClCompile Include="DoublyLinkedList.cpp">
      <Filter>Source Files</Filter>
    </ClCompile>
    <ClCompile Include="Node.cpp">
      <Filter>Source Files</Filter>
    </ClCompile>
    <ClCompile Include="Final_main.cpp">
      <Filter>Source Files</Filter>
    </ClCompile>
    <ClCompile Include="Restroom.cpp">
      <Filter>Source Files</Filter>
    </ClCompile>
    <ClCompile Include="Space.cpp">
      <Filter>Source Files</Filter>
    </ClCompile>
    <ClCompile Include="MainCharacter.cpp">
      <Filter>Source Files</Filter>
    </ClCompile>
    <ClCompile Include="SiteMap.cpp">
      <Filter>Source Files</Filter>
    </ClCompile>
    <ClCompile Include="Game.cpp">
      <Filter>Source Files</Filter>
    </ClCompile>
    <ClCompile Include="JewelryStore.cpp">
      <Filter>Source Files</Filter>
    </ClCompile>
    <ClCompile Include="Casino.cpp">
      <Filter>Source Files</Filter>
    </ClCompile>
    <ClCompile Include="ToyStore.cpp">
      <Filter>Source Files</Filter>
    </ClCompile>
    <ClCompile Include="AppleStore.cpp">
      <Filter>Source Files</Filter>
    </ClCompile>
    <ClCompile Include="FoodCourt.cpp">
      <Filter>Source Files</Filter>
    </ClCompile>
    <ClCompile Include="DepartmentStore.cpp">
      <Filter>Source Files</Filter>
    </ClCompile>
    <ClCompile Include="ClothesStore.cpp">
      <Filter>Source Files</Filter>
    </ClCompile>
    <ClCompile Include="FlowerStore.cpp">
      <Filter>Source Files</Filter>
    </ClCompile>
  </ItemGroup>
</Project>